
Microsoft Visual Studio Solution File, Format Version 12.00
# Visual Studio 15
VisualStudioVersion = 15.0.26730.15
MinimumVisualStudioVersion = 10.0.40219.1
Project("{FAE04EC0-301F-11D3-BF4B-00C04F79EFBC}") = "TaxiService", "TaxiService\TaxiService.csproj", "{1E892818-F6AB-4BD9-9ECC-FF9CEEDD84EC}"
EndProject
Global
	GlobalSection(SolutionConfigurationPlatforms) = preSolution
		Debug|Any CPU = Debug|Any CPU
		Release|Any CPU = Release|Any CPU
	EndGlobalSection
	GlobalSection(ProjectConfigurationPlatforms) = postSolution
		{1E892818-F6AB-4BD9-9ECC-FF9CEEDD84EC}.Debug|Any CPU.ActiveCfg = Debug|Any CPU
		{1E892818-F6AB-4BD9-9ECC-FF9CEEDD84EC}.Debug|Any CPU.Build.0 = Debug|Any CPU
		{1E892818-F6AB-4BD9-9ECC-FF9CEEDD84EC}.Release|Any CPU.ActiveCfg = Release|Any CPU
		{1E892818-F6AB-4BD9-9ECC-FF9CEEDD84EC}.Release|Any CPU.Build.0 = Release|Any CPU
	EndGlobalSection
	GlobalSection(SolutionProperties) = preSolution
		HideSolutionNode = FALSE
	EndGlobalSection
	GlobalSection(ExtensibilityGlobals) = postSolution
		SolutionGuid = {983141EE-41B7-4D85-839F-22FA73CC95DB}
	EndGlobalSection
EndGlobal
